
Microsoft Visual Studio Solution File, Format Version 12.00
# Visual Studio Version 17
VisualStudioVersion = 17.7.34031.279
MinimumVisualStudioVersion = 10.0.40219.1
Project("{FAE04EC0-301F-11D3-BF4B-00C04F79EFBC}") = "ConexionBBDD", "ConexionBBDD\ConexionBBDD.csproj", "{224AB1F2-07AD-40A8-AC03-6375E03258CA}"
EndProject
Global
	GlobalSection(SolutionConfigurationPlatforms) = preSolution
		Debug|Any CPU = Debug|Any CPU
		Release|Any CPU = Release|Any CPU
	EndGlobalSection
	GlobalSection(ProjectConfigurationPlatforms) = postSolution
		{224AB1F2-07AD-40A8-AC03-6375E03258CA}.Debug|Any CPU.ActiveCfg = Debug|Any CPU
		{224AB1F2-07AD-40A8-AC03-6375E03258CA}.Debug|Any CPU.Build.0 = Debug|Any CPU
		{224AB1F2-07AD-40A8-AC03-6375E03258CA}.Release|Any CPU.ActiveCfg = Release|Any CPU
		{224AB1F2-07AD-40A8-AC03-6375E03258CA}.Release|Any CPU.Build.0 = Release|Any CPU
	EndGlobalSection
	GlobalSection(SolutionProperties) = preSolution
		HideSolutionNode = FALSE
	EndGlobalSection
	GlobalSection(ExtensibilityGlobals) = postSolution
		SolutionGuid = {33E3ABE2-6464-400D-A54C-4805FB286C9B}
	EndGlobalSection
EndGlobal
